# @generated - this file is auto-generated by `mise lock` https://mise.en.dev/dev-tools/mise-lock.html

[[tools."aqua:taiki-e/cargo-llvm-cov"]]
version = "0.9.1"
backend = "aqua:taiki-e/cargo-llvm-cov"

[tools."aqua:taiki-e/cargo-llvm-cov"."platforms.linux-arm64"]
checksum = "sha256:49c0085628392a8d727c4464d91ec417c613c5015f5197cd16d5c05aa3fb5ad1"
url = "https://github.com/taiki-e/cargo-llvm-cov/releases/download/v0.9.1/cargo-llvm-cov-aarch64-unknown-linux-musl.tar.gz"

[tools."aqua:taiki-e/cargo-llvm-cov"."platforms.linux-x64"]
checksum = "sha256:3fca950394a3c49457657c158b1619cec8dfd2647ae5b48746734c0ab969a522"
url = "https://github.com/taiki-e/cargo-llvm-cov/releases/download/v0.9.1/cargo-llvm-cov-x86_64-unknown-linux-musl.tar.gz"

[tools."aqua:taiki-e/cargo-llvm-cov"."platforms.macos-arm64"]
checksum = "sha256:7e821a6c90c0884f79f759f5d9be50799ade67bb82515186d922f26032ef43b8"
url = "https://github.com/taiki-e/cargo-llvm-cov/releases/download/v0.9.1/cargo-llvm-cov-aarch64-apple-darwin.tar.gz"

[tools."aqua:taiki-e/cargo-llvm-cov"."platforms.macos-x64"]
checksum = "sha256:ddf949b82a63017441ea76aa068bdd7e2dde8055f47cd3ef736fdbbd633bc33e"
url = "https://github.com/taiki-e/cargo-llvm-cov/releases/download/v0.9.1/cargo-llvm-cov-x86_64-apple-darwin.tar.gz"

[[tools."cargo:canbench"]]
version = "0.4.1"
backend = "cargo:canbench"

[[tools."cargo:cargo-sort"]]
version = "2.0.1"
backend = "cargo:cargo-sort"

[[tools."github:dfinity/ic-wasm"]]
version = "0.11.1"
backend = "github:dfinity/ic-wasm"

[tools."github:dfinity/ic-wasm"."platforms.linux-arm64"]
checksum = "sha256:49d5992ee5f050f8869b6b4b8357eceb1cb3b84f79fbd2de37ed8166c5dc5e30"
url = "https://github.com/dfinity/ic-wasm/releases/download/0.11.1/ic-wasm-aarch64-unknown-linux-gnu.tar.xz"
url_api = "https://api.github.com/repos/dfinity/ic-wasm/releases/assets/500087014"

[tools."github:dfinity/ic-wasm"."platforms.linux-x64"]
checksum = "sha256:099776a745c4d4495761da18f2fe2216759a4166beacd05453bf031d61631746"
url = "https://github.com/dfinity/ic-wasm/releases/download/0.11.1/ic-wasm-x86_64-unknown-linux-gnu.tar.xz"
url_api = "https://api.github.com/repos/dfinity/ic-wasm/releases/assets/500087038"

[tools."github:dfinity/ic-wasm"."platforms.macos-arm64"]
checksum = "sha256:1feeb253498b783ce19e9e166d4f205ed35a8ab7fa679173aaa4b41fb78c852d"
url = "https://github.com/dfinity/ic-wasm/releases/download/0.11.1/ic-wasm-aarch64-apple-darwin.tar.xz"
url_api = "https://api.github.com/repos/dfinity/ic-wasm/releases/assets/500087006"

[tools."github:dfinity/ic-wasm"."platforms.macos-x64"]
checksum = "sha256:9bf63f9daaee8d812207807435a1bff23d7b7e50c573b7c2a36b8aa50974e99a"
url = "https://github.com/dfinity/ic-wasm/releases/download/0.11.1/ic-wasm-x86_64-apple-darwin.tar.xz"
url_api = "https://api.github.com/repos/dfinity/ic-wasm/releases/assets/500087023"

[[tools.rust]]
version = "1.93.0"
backend = "core:rust"

[tools.rust.options]
components = "clippy,rustfmt"
targets = "wasm32-unknown-unknown"
