# @generated - this file is auto-generated by `mise lock` https://mise.en.dev/dev-tools/mise-lock.html

[[tools."cargo:canbench"]]
version = "0.4.1"
backend = "cargo:canbench"

[[tools."cargo:cargo-sort"]]
version = "2.0.1"
backend = "cargo:cargo-sort"

[[tools."github:dfinity/ic-wasm"]]
version = "0.11.1"
backend = "github:dfinity/ic-wasm"

[tools."github:dfinity/ic-wasm"."platforms.linux-arm64"]
checksum = "sha256:49d5992ee5f050f8869b6b4b8357eceb1cb3b84f79fbd2de37ed8166c5dc5e30"
url = "https://github.com/dfinity/ic-wasm/releases/download/0.11.1/ic-wasm-aarch64-unknown-linux-gnu.tar.xz"
url_api = "https://api.github.com/repos/dfinity/ic-wasm/releases/assets/500087014"

[tools."github:dfinity/ic-wasm"."platforms.linux-x64"]
checksum = "sha256:099776a745c4d4495761da18f2fe2216759a4166beacd05453bf031d61631746"
url = "https://github.com/dfinity/ic-wasm/releases/download/0.11.1/ic-wasm-x86_64-unknown-linux-gnu.tar.xz"
url_api = "https://api.github.com/repos/dfinity/ic-wasm/releases/assets/500087038"

[tools."github:dfinity/ic-wasm"."platforms.macos-arm64"]
checksum = "sha256:1feeb253498b783ce19e9e166d4f205ed35a8ab7fa679173aaa4b41fb78c852d"
url = "https://github.com/dfinity/ic-wasm/releases/download/0.11.1/ic-wasm-aarch64-apple-darwin.tar.xz"
url_api = "https://api.github.com/repos/dfinity/ic-wasm/releases/assets/500087006"

[tools."github:dfinity/ic-wasm"."platforms.macos-x64"]
checksum = "sha256:9bf63f9daaee8d812207807435a1bff23d7b7e50c573b7c2a36b8aa50974e99a"
url = "https://github.com/dfinity/ic-wasm/releases/download/0.11.1/ic-wasm-x86_64-apple-darwin.tar.xz"
url_api = "https://api.github.com/repos/dfinity/ic-wasm/releases/assets/500087023"

[[tools.rust]]
version = "1.93.0"
backend = "core:rust"
